{
  "name": "jamie-moreland-dev",
  "version": "1.0.0",
  "lockfileVersion": 1,
  "requires": true,
  "dependencies": {
    "bootstrap": {
      "version": "5.2.1",
      "resolved": "https://registry.npmjs.org/bootstrap/-/bootstrap-5.2.1.tgz",
      "integrity": "sha512-UQi3v2NpVPEi1n35dmRRzBJFlgvWHYwyem6yHhuT6afYF+sziEt46McRbT//kVXZ7b1YUYEVGdXEH74Nx3xzGA=="
    },
    "sass-rem": {
      "version": "3.0.0",
      "resolved": "https://registry.npmjs.org/sass-rem/-/sass-rem-3.0.0.tgz",
      "integrity": "sha512-tgK/2ojS/z4OjlJT6J/Gc3TgN97W/4tTWuEdVXO1/P46L/Ud4iG3t+s007KTHP+BX9tqLgFPl3fgstUsva5rtg=="
    }
  }
}
